<Solution>
  <Project Path="BusinessObjects\BusinessObjects.csproj" Type="C#" />
  <Project Path="DataAccessObjects\DataAccessObjects.csproj" Type="C#" />
  <Project Path="Repositories\Repositories.csproj" Type="C#" />
  <Project Path="Services\Services.csproj" Type="C#" />
  <Project Path="API\API.csproj" Type="C#" />
  <Project Path="WebUI.Tests/WebUI.Tests.csproj" />
  <Project Path="WebUI\WebUI.csproj" Type="C#" />
</Solution>
